
Microsoft Visual Studio Solution File, Format Version 12.00
# Visual Studio Version 17
VisualStudioVersion = 17.2.32505.173
MinimumVisualStudioVersion = 10.0.40219.1
Project("{FAE04EC0-301F-11D3-BF4B-00C04F79EFBC}") = "WindowsFormsApp1", "WindowsFormsApp1\WindowsFormsApp1.csproj", "{1734C586-2165-4BB3-8ACD-C6AD41FCBB87}"
EndProject
Global
	GlobalSection(SolutionConfigurationPlatforms) = preSolution
		Debug|Any CPU = Debug|Any CPU
		Release|Any CPU = Release|Any CPU
	EndGlobalSection
	GlobalSection(ProjectConfigurationPlatforms) = postSolution
		{1734C586-2165-4BB3-8ACD-C6AD41FCBB87}.Debug|Any CPU.ActiveCfg = Debug|Any CPU
		{1734C586-2165-4BB3-8ACD-C6AD41FCBB87}.Debug|Any CPU.Build.0 = Debug|Any CPU
		{1734C586-2165-4BB3-8ACD-C6AD41FCBB87}.Release|Any CPU.ActiveCfg = Release|Any CPU
		{1734C586-2165-4BB3-8ACD-C6AD41FCBB87}.Release|Any CPU.Build.0 = Release|Any CPU
	EndGlobalSection
	GlobalSection(SolutionProperties) = preSolution
		HideSolutionNode = FALSE
	EndGlobalSection
	GlobalSection(ExtensibilityGlobals) = postSolution
		SolutionGuid = {87AA635D-A803-4358-8F81-5CBB6B445135}
	EndGlobalSection
EndGlobal
